// !$*UTF8*$!
{
	archiveVersion = 1;
	classes = {
	};
	objectVersion = 56;
	objects = {

/* Begin PBXBuildFile section */
		0FDC9F602B73ADBE002EAE6B /* WeatherApp.swift in Sources */ = {isa = PBXBuildFile; fileRef = 0FDC9F5F2B73ADBE002EAE6B /* WeatherApp.swift */; };
		0FDC9F642B73ADC0002EAE6B /* Assets.xcassets in Resources */ = {isa = PBXBuildFile; fileRef = 0FDC9F632B73ADC0002EAE6B /* Assets.xcassets */; };
		0FDC9F682B73ADC0002EAE6B /* Preview Assets.xcassets in Resources */ = {isa = PBXBuildFile; fileRef = 0FDC9F672B73ADC0002EAE6B /* Preview Assets.xcassets */; };
		0FDC9F722B73ADC0002EAE6B /* WeatherTests.swift in Sources */ = {isa = PBXBuildFile; fileRef = 0FDC9F712B73ADC0002EAE6B /* WeatherTests.swift */; };
		0FDC9F7C2B73ADC0002EAE6B /* WeatherUITests.swift in Sources */ = {isa = PBXBuildFile; fileRef = 0FDC9F7B2B73ADC0002EAE6B /* WeatherUITests.swift */; };
		0FDC9F7E2B73ADC0002EAE6B /* WeatherUITestsLaunchTests.swift in Sources */ = {isa = PBXBuildFile; fileRef = 0FDC9F7D2B73ADC0002EAE6B /* WeatherUITestsLaunchTests.swift */; };
		0FDC9F902B73AF40002EAE6B /* App in Frameworks */ = {isa = PBXBuildFile; productRef = 0FDC9F8F2B73AF40002EAE6B /* App */; };
		0FF159482B73D21B008B6AE5 /* ComposableArchitecture in Frameworks */ = {isa = PBXBuildFile; productRef = 0FF159472B73D21B008B6AE5 /* ComposableArchitecture */; };
/* End PBXBuildFile section */

/* Begin PBXContainerItemProxy section */
		0FDC9F6E2B73ADC0002EAE6B /* PBXContainerItemProxy */ = {
			isa = PBXContainerItemProxy;
			containerPortal = 0FDC9F542B73ADBE002EAE6B /* Project object */;
			proxyType = 1;
			remoteGlobalIDString = 0FDC9F5B2B73ADBE002EAE6B;
			remoteInfo = TcaExperiment;
		};
		0FDC9F782B73ADC0002EAE6B /* PBXContainerItemProxy */ = {
			isa = PBXContainerItemProxy;
			containerPortal = 0FDC9F542B73ADBE002EAE6B /* Project object */;
			proxyType = 1;
			remoteGlobalIDString = 0FDC9F5B2B73ADBE002EAE6B;
			remoteInfo = TcaExperiment;
		};
/* End PBXContainerItemProxy section */

/* Begin PBXFileReference section */
		0F297CE02B7CA57300A1C35D /* Contacts */ = {isa = PBXFileReference; lastKnownFileType = wrapper; path = Contacts; sourceTree = "<group>"; };
		0FDC9F5C2B73ADBE002EAE6B /* WeatherApp.app */ = {isa = PBXFileReference; explicitFileType = wrapper.application; includeInIndex = 0; path = WeatherApp.app; sourceTree = BUILT_PRODUCTS_DIR; };
		0FDC9F5F2B73ADBE002EAE6B /* WeatherApp.swift */ = {isa = PBXFileReference; lastKnownFileType = sourcecode.swift; path = WeatherApp.swift; sourceTree = "<group>"; };
		0FDC9F632B73ADC0002EAE6B /* Assets.xcassets */ = {isa = PBXFileReference; lastKnownFileType = folder.assetcatalog; path = Assets.xcassets; sourceTree = "<group>"; };
		0FDC9F652B73ADC0002EAE6B /* Weather.entitlements */ = {isa = PBXFileReference; lastKnownFileType = text.plist.entitlements; path = Weather.entitlements; sourceTree = "<group>"; };
		0FDC9F672B73ADC0002EAE6B /* Preview Assets.xcassets */ = {isa = PBXFileReference; lastKnownFileType = folder.assetcatalog; path = "Preview Assets.xcassets"; sourceTree = "<group>"; };
		0FDC9F6D2B73ADC0002EAE6B /* WeatherAppTests.xctest */ = {isa = PBXFileReference; explicitFileType = wrapper.cfbundle; includeInIndex = 0; path = WeatherAppTests.xctest; sourceTree = BUILT_PRODUCTS_DIR; };
		0FDC9F712B73ADC0002EAE6B /* WeatherTests.swift */ = {isa = PBXFileReference; lastKnownFileType = sourcecode.swift; path = WeatherTests.swift; sourceTree = "<group>"; };
		0FDC9F772B73ADC0002EAE6B /* WeatherAppUITests.xctest */ = {isa = PBXFileReference; explicitFileType = wrapper.cfbundle; includeInIndex = 0; path = WeatherAppUITests.xctest; sourceTree = BUILT_PRODUCTS_DIR; };
		0FDC9F7B2B73ADC0002EAE6B /* WeatherUITests.swift */ = {isa = PBXFileReference; lastKnownFileType = sourcecode.swift; path = WeatherUITests.swift; sourceTree = "<group>"; };
		0FDC9F7D2B73ADC0002EAE6B /* WeatherUITestsLaunchTests.swift */ = {isa = PBXFileReference; lastKnownFileType = sourcecode.swift; path = WeatherUITestsLaunchTests.swift; sourceTree = "<group>"; };
		0FDC9F8D2B73AF11002EAE6B /* App */ = {isa = PBXFileReference; lastKnownFileType = wrapper; name = App; path = ../App; sourceTree = "<group>"; };
		0FDCE5EB2B7CAC3200E96AF3 /* Counter */ = {isa = PBXFileReference; lastKnownFileType = wrapper; path = Counter; sourceTree = "<group>"; };
		0FFBC00C2B7CC11E00466C1C /* WeatherForecast */ = {isa = PBXFileReference; lastKnownFileType = wrapper; path = WeatherForecast; sourceTree = "<group>"; };
/* End PBXFileReference section */

/* Begin PBXFrameworksBuildPhase section */
		0FDC9F592B73ADBE002EAE6B /* Frameworks */ = {
			isa = PBXFrameworksBuildPhase;
			buildActionMask = 2147483647;
			files = (
				0FF159482B73D21B008B6AE5 /* ComposableArchitecture in Frameworks */,
				0FDC9F902B73AF40002EAE6B /* App in Frameworks */,
			);
			runOnlyForDeploymentPostprocessing = 0;
		};
		0FDC9F6A2B73ADC0002EAE6B /* Frameworks */ = {
			isa = PBXFrameworksBuildPhase;
			buildActionMask = 2147483647;
			files = (
			);
			runOnlyForDeploymentPostprocessing = 0;
		};
		0FDC9F742B73ADC0002EAE6B /* Frameworks */ = {
			isa = PBXFrameworksBuildPhase;
			buildActionMask = 2147483647;
			files = (
			);
			runOnlyForDeploymentPostprocessing = 0;
		};
/* End PBXFrameworksBuildPhase section */

/* Begin PBXGroup section */
		0FDC9F532B73ADBE002EAE6B = {
			isa = PBXGroup;
			children = (
				0FDC9F5E2B73ADBE002EAE6B /* WeatherApp */,
				0FDC9F702B73ADC0002EAE6B /* WeatherTests */,
				0FDC9F7A2B73ADC0002EAE6B /* WeatherUITests */,
				0FDC9F5D2B73ADBE002EAE6B /* Products */,
				0FDC9F8E2B73AF40002EAE6B /* Frameworks */,
			);
			sourceTree = "<group>";
		};
		0FDC9F5D2B73ADBE002EAE6B /* Products */ = {
			isa = PBXGroup;
			children = (
				0FDC9F5C2B73ADBE002EAE6B /* WeatherApp.app */,
				0FDC9F6D2B73ADC0002EAE6B /* WeatherAppTests.xctest */,
				0FDC9F772B73ADC0002EAE6B /* WeatherAppUITests.xctest */,
			);
			name = Products;
			sourceTree = "<group>";
		};
		0FDC9F5E2B73ADBE002EAE6B /* WeatherApp */ = {
			isa = PBXGroup;
			children = (
				0FDC9F8C2B73AE01002EAE6B /* Configuration */,
				0FDC9F8B2B73ADEC002EAE6B /* Resources */,
				0FDC9F8A2B73ADE4002EAE6B /* Sources */,
				0FDC9F662B73ADC0002EAE6B /* Preview Content */,
			);
			path = WeatherApp;
			sourceTree = "<group>";
		};
		0FDC9F662B73ADC0002EAE6B /* Preview Content */ = {
			isa = PBXGroup;
			children = (
				0FDC9F672B73ADC0002EAE6B /* Preview Assets.xcassets */,
			);
			path = "Preview Content";
			sourceTree = "<group>";
		};
		0FDC9F702B73ADC0002EAE6B /* WeatherTests */ = {
			isa = PBXGroup;
			children = (
				0FDC9F712B73ADC0002EAE6B /* WeatherTests.swift */,
			);
			path = WeatherTests;
			sourceTree = "<group>";
		};
		0FDC9F7A2B73ADC0002EAE6B /* WeatherUITests */ = {
			isa = PBXGroup;
			children = (
				0FDC9F7B2B73ADC0002EAE6B /* WeatherUITests.swift */,
				0FDC9F7D2B73ADC0002EAE6B /* WeatherUITestsLaunchTests.swift */,
			);
			path = WeatherUITests;
			sourceTree = "<group>";
		};
		0FDC9F8A2B73ADE4002EAE6B /* Sources */ = {
			isa = PBXGroup;
			children = (
				0FDC9F912B73B01C002EAE6B /* Features */,
				0FDC9F8D2B73AF11002EAE6B /* App */,
				0FDC9F5F2B73ADBE002EAE6B /* WeatherApp.swift */,
			);
			path = Sources;
			sourceTree = "<group>";
		};
		0FDC9F8B2B73ADEC002EAE6B /* Resources */ = {
			isa = PBXGroup;
			children = (
				0FDC9F632B73ADC0002EAE6B /* Assets.xcassets */,
			);
			path = Resources;
			sourceTree = "<group>";
		};
		0FDC9F8C2B73AE01002EAE6B /* Configuration */ = {
			isa = PBXGroup;
			children = (
				0FDC9F652B73ADC0002EAE6B /* Weather.entitlements */,
			);
			path = Configuration;
			sourceTree = "<group>";
		};
		0FDC9F8E2B73AF40002EAE6B /* Frameworks */ = {
			isa = PBXGroup;
			children = (
			);
			name = Frameworks;
			sourceTree = "<group>";
		};
		0FDC9F912B73B01C002EAE6B /* Features */ = {
			isa = PBXGroup;
			children = (
				0FFBC00C2B7CC11E00466C1C /* WeatherForecast */,
				0FDCE5EB2B7CAC3200E96AF3 /* Counter */,
				0F297CE02B7CA57300A1C35D /* Contacts */,
			);
			path = Features;
			sourceTree = "<group>";
		};
/* End PBXGroup section */

/* Begin PBXNativeTarget section */
		0FDC9F5B2B73ADBE002EAE6B /* WeatherApp */ = {
			isa = PBXNativeTarget;
			buildConfigurationList = 0FDC9F812B73ADC0002EAE6B /* Build configuration list for PBXNativeTarget "WeatherApp" */;
			buildPhases = (
				0FDC9F582B73ADBE002EAE6B /* Sources */,
				0FDC9F592B73ADBE002EAE6B /* Frameworks */,
				0FDC9F5A2B73ADBE002EAE6B /* Resources */,
			);
			buildRules = (
			);
			dependencies = (
			);
			name = WeatherApp;
			packageProductDependencies = (
				0FDC9F8F2B73AF40002EAE6B /* App */,
				0FF159472B73D21B008B6AE5 /* ComposableArchitecture */,
			);
			productName = TcaExperiment;
			productReference = 0FDC9F5C2B73ADBE002EAE6B /* WeatherApp.app */;
			productType = "com.apple.product-type.application";
		};
		0FDC9F6C2B73ADC0002EAE6B /* WeatherAppTests */ = {
			isa = PBXNativeTarget;
			buildConfigurationList = 0FDC9F842B73ADC0002EAE6B /* Build configuration list for PBXNativeTarget "WeatherAppTests" */;
			buildPhases = (
				0FDC9F692B73ADC0002EAE6B /* Sources */,
				0FDC9F6A2B73ADC0002EAE6B /* Frameworks */,
				0FDC9F6B2B73ADC0002EAE6B /* Resources */,
			);
			buildRules = (
			);
			dependencies = (
				0FDC9F6F2B73ADC0002EAE6B /* PBXTargetDependency */,
			);
			name = WeatherAppTests;
			productName = TcaExperimentTests;
			productReference = 0FDC9F6D2B73ADC0002EAE6B /* WeatherAppTests.xctest */;
			productType = "com.apple.product-type.bundle.unit-test";
		};
		0FDC9F762B73ADC0002EAE6B /* WeatherAppUITests */ = {
			isa = PBXNativeTarget;
			buildConfigurationList = 0FDC9F872B73ADC0002EAE6B /* Build configuration list for PBXNativeTarget "WeatherAppUITests" */;
			buildPhases = (
				0FDC9F732B73ADC0002EAE6B /* Sources */,
				0FDC9F742B73ADC0002EAE6B /* Frameworks */,
				0FDC9F752B73ADC0002EAE6B /* Resources */,
			);
			buildRules = (
			);
			dependencies = (
				0FDC9F792B73ADC0002EAE6B /* PBXTargetDependency */,
			);
			name = WeatherAppUITests;
			productName = TcaExperimentUITests;
			productReference = 0FDC9F772B73ADC0002EAE6B /* WeatherAppUITests.xctest */;
			productType = "com.apple.product-type.bundle.ui-testing";
		};
/* End PBXNativeTarget section */

/* Begin PBXProject section */
		0FDC9F542B73ADBE002EAE6B /* Project object */ = {
			isa = PBXProject;
			attributes = {
				BuildIndependentTargetsInParallel = 1;
				LastSwiftUpdateCheck = 1520;
				LastUpgradeCheck = 1520;
				TargetAttributes = {
					0FDC9F5B2B73ADBE002EAE6B = {
						CreatedOnToolsVersion = 15.2;
					};
					0FDC9F6C2B73ADC0002EAE6B = {
						CreatedOnToolsVersion = 15.2;
						TestTargetID = 0FDC9F5B2B73ADBE002EAE6B;
					};
					0FDC9F762B73ADC0002EAE6B = {
						CreatedOnToolsVersion = 15.2;
						TestTargetID = 0FDC9F5B2B73ADBE002EAE6B;
					};
				};
			};
			buildConfigurationList = 0FDC9F572B73ADBE002EAE6B /* Build configuration list for PBXProject "WeatherApp" */;
			compatibilityVersion = "Xcode 14.0";
			developmentRegion = en;
			hasScannedForEncodings = 0;
			knownRegions = (
				en,
				Base,
			);
			mainGroup = 0FDC9F532B73ADBE002EAE6B;
			packageReferences = (
				0FF159462B73D21B008B6AE5 /* XCRemoteSwiftPackageReference "swift-composable-architecture" */,
			);
			productRefGroup = 0FDC9F5D2B73ADBE002EAE6B /* Products */;
			projectDirPath = "";
			projectRoot = "";
			targets = (
				0FDC9F5B2B73ADBE002EAE6B /* WeatherApp */,
				0FDC9F6C2B73ADC0002EAE6B /* WeatherAppTests */,
				0FDC9F762B73ADC0002EAE6B /* WeatherAppUITests */,
			);
		};
/* End PBXProject section */

/* Begin PBXResourcesBuildPhase section */
		0FDC9F5A2B73ADBE002EAE6B /* Resources */ = {
			isa = PBXResourcesBuildPhase;
			buildActionMask = 2147483647;
			files = (
				0FDC9F682B73ADC0002EAE6B /* Preview Assets.xcassets in Resources */,
				0FDC9F642B73ADC0002EAE6B /* Assets.xcassets in Resources */,
			);
			runOnlyForDeploymentPostprocessing = 0;
		};
		0FDC9F6B2B73ADC0002EAE6B /* Resources */ = {
			isa = PBXResourcesBuildPhase;
			buildActionMask = 2147483647;
			files = (
			);
			runOnlyForDeploymentPostprocessing = 0;
		};
		0FDC9F752B73ADC0002EAE6B /* Resources */ = {
			isa = PBXResourcesBuildPhase;
			buildActionMask = 2147483647;
			files = (
			);
			runOnlyForDeploymentPostprocessing = 0;
		};
/* End PBXResourcesBuildPhase section */

/* Begin PBXSourcesBuildPhase section */
		0FDC9F582B73ADBE002EAE6B /* Sources */ = {
			isa = PBXSourcesBuildPhase;
			buildActionMask = 2147483647;
			files = (
				0FDC9F602B73ADBE002EAE6B /* WeatherApp.swift in Sources */,
			);
			runOnlyForDeploymentPostprocessing = 0;
		};
		0FDC9F692B73ADC0002EAE6B /* Sources */ = {
			isa = PBXSourcesBuildPhase;
			buildActionMask = 2147483647;
			files = (
				0FDC9F722B73ADC0002EAE6B /* WeatherTests.swift in Sources */,
			);
			runOnlyForDeploymentPostprocessing = 0;
		};
		0FDC9F732B73ADC0002EAE6B /* Sources */ = {
			isa = PBXSourcesBuildPhase;
			buildActionMask = 2147483647;
			files = (
				0FDC9F7E2B73ADC0002EAE6B /* WeatherUITestsLaunchTests.swift in Sources */,
				0FDC9F7C2B73ADC0002EAE6B /* WeatherUITests.swift in Sources */,
			);
			runOnlyForDeploymentPostprocessing = 0;
		};
/* End PBXSourcesBuildPhase section */

/* Begin PBXTargetDependency section */
		0FDC9F6F2B73ADC0002EAE6B /* PBXTargetDependency */ = {
			isa = PBXTargetDependency;
			target = 0FDC9F5B2B73ADBE002EAE6B /* WeatherApp */;
			targetProxy = 0FDC9F6E2B73ADC0002EAE6B /* PBXContainerItemProxy */;
		};
		0FDC9F792B73ADC0002EAE6B /* PBXTargetDependency */ = {
			isa = PBXTargetDependency;
			target = 0FDC9F5B2B73ADBE002EAE6B /* WeatherApp */;
			targetProxy = 0FDC9F782B73ADC0002EAE6B /* PBXContainerItemProxy */;
		};
/* End PBXTargetDependency section */

/* Begin XCBuildConfiguration section */
		0FDC9F7F2B73ADC0002EAE6B /* Debug */ = {
			isa = XCBuildConfiguration;
			buildSettings = {
				ALWAYS_SEARCH_USER_PATHS = NO;
				ASSETCATALOG_COMPILER_GENERATE_SWIFT_ASSET_SYMBOL_EXTENSIONS = YES;
				CLANG_ANALYZER_NONNULL = YES;
				CLANG_ANALYZER_NUMBER_OBJECT_CONVERSION = YES_AGGRESSIVE;
				CLANG_CXX_LANGUAGE_STANDARD = "gnu++20";
				CLANG_ENABLE_MODULES = YES;
				CLANG_ENABLE_OBJC_ARC = YES;
				CLANG_ENABLE_OBJC_WEAK = YES;
				CLANG_WARN_BLOCK_CAPTURE_AUTORELEASING = YES;
				CLANG_WARN_BOOL_CONVERSION = YES;
				CLANG_WARN_COMMA = YES;
				CLANG_WARN_CONSTANT_CONVERSION = YES;
				CLANG_WARN_DEPRECATED_OBJC_IMPLEMENTATIONS = YES;
				CLANG_WARN_DIRECT_OBJC_ISA_USAGE = YES_ERROR;
				CLANG_WARN_DOCUMENTATION_COMMENTS = YES;
				CLANG_WARN_EMPTY_BODY = YES;
				CLANG_WARN_ENUM_CONVERSION = YES;
				CLANG_WARN_INFINITE_RECURSION = YES;
				CLANG_WARN_INT_CONVERSION = YES;
				CLANG_WARN_NON_LITERAL_NULL_CONVERSION = YES;
				CLANG_WARN_OBJC_IMPLICIT_RETAIN_SELF = YES;
				CLANG_WARN_OBJC_LITERAL_CONVERSION = YES;
				CLANG_WARN_OBJC_ROOT_CLASS = YES_ERROR;
				CLANG_WARN_QUOTED_INCLUDE_IN_FRAMEWORK_HEADER = YES;
				CLANG_WARN_RANGE_LOOP_ANALYSIS = YES;
				CLANG_WARN_STRICT_PROTOTYPES = YES;
				CLANG_WARN_SUSPICIOUS_MOVE = YES;
				CLANG_WARN_UNGUARDED_AVAILABILITY = YES_AGGRESSIVE;
				CLANG_WARN_UNREACHABLE_CODE = YES;
				CLANG_WARN__DUPLICATE_METHOD_MATCH = YES;
				COPY_PHASE_STRIP = NO;
				DEBUG_INFORMATION_FORMAT = dwarf;
				ENABLE_STRICT_OBJC_MSGSEND = YES;
				ENABLE_TESTABILITY = YES;
				ENABLE_USER_SCRIPT_SANDBOXING = YES;
				GCC_C_LANGUAGE_STANDARD = gnu17;
				GCC_DYNAMIC_NO_PIC = NO;
				GCC_NO_COMMON_BLOCKS = YES;
				GCC_OPTIMIZATION_LEVEL = 0;
				GCC_PREPROCESSOR_DEFINITIONS = (
					"DEBUG=1",
					"$(inherited)",
				);
				GCC_WARN_64_TO_32_BIT_CONVERSION = YES;
				GCC_WARN_ABOUT_RETURN_TYPE = YES_ERROR;
				GCC_WARN_UNDECLARED_SELECTOR = YES;
				GCC_WARN_UNINITIALIZED_AUTOS = YES_AGGRESSIVE;
				GCC_WARN_UNUSED_FUNCTION = YES;
				GCC_WARN_UNUSED_VARIABLE = YES;
				LOCALIZATION_PREFERS_STRING_CATALOGS = YES;
				MTL_ENABLE_DEBUG_INFO = INCLUDE_SOURCE;
				MTL_FAST_MATH = YES;
				ONLY_ACTIVE_ARCH = YES;
				SWIFT_ACTIVE_COMPILATION_CONDITIONS = "DEBUG $(inherited)";
				SWIFT_OPTIMIZATION_LEVEL = "-Onone";
			};
			name = Debug;
		};
		0FDC9F802B73ADC0002EAE6B /* Release */ = {
			isa = XCBuildConfiguration;
			buildSettings = {
				ALWAYS_SEARCH_USER_PATHS = NO;
				ASSETCATALOG_COMPILER_GENERATE_SWIFT_ASSET_SYMBOL_EXTENSIONS = YES;
				CLANG_ANALYZER_NONNULL = YES;
				CLANG_ANALYZER_NUMBER_OBJECT_CONVERSION = YES_AGGRESSIVE;
				CLANG_CXX_LANGUAGE_STANDARD = "gnu++20";
				CLANG_ENABLE_MODULES = YES;
				CLANG_ENABLE_OBJC_ARC = YES;
				CLANG_ENABLE_OBJC_WEAK = YES;
				CLANG_WARN_BLOCK_CAPTURE_AUTORELEASING = YES;
				CLANG_WARN_BOOL_CONVERSION = YES;
				CLANG_WARN_COMMA = YES;
				CLANG_WARN_CONSTANT_CONVERSION = YES;
				CLANG_WARN_DEPRECATED_OBJC_IMPLEMENTATIONS = YES;
				CLANG_WARN_DIRECT_OBJC_ISA_USAGE = YES_ERROR;
				CLANG_WARN_DOCUMENTATION_COMMENTS = YES;
				CLANG_WARN_EMPTY_BODY = YES;
				CLANG_WARN_ENUM_CONVERSION = YES;
				CLANG_WARN_INFINITE_RECURSION = YES;
				CLANG_WARN_INT_CONVERSION = YES;
				CLANG_WARN_NON_LITERAL_NULL_CONVERSION = YES;
				CLANG_WARN_OBJC_IMPLICIT_RETAIN_SELF = YES;
				CLANG_WARN_OBJC_LITERAL_CONVERSION = YES;
				CLANG_WARN_OBJC_ROOT_CLASS = YES_ERROR;
				CLANG_WARN_QUOTED_INCLUDE_IN_FRAMEWORK_HEADER = YES;
				CLANG_WARN_RANGE_LOOP_ANALYSIS = YES;
				CLANG_WARN_STRICT_PROTOTYPES = YES;
				CLANG_WARN_SUSPICIOUS_MOVE = YES;
				CLANG_WARN_UNGUARDED_AVAILABILITY = YES_AGGRESSIVE;
				CLANG_WARN_UNREACHABLE_CODE = YES;
				CLANG_WARN__DUPLICATE_METHOD_MATCH = YES;
				COPY_PHASE_STRIP = NO;
				DEBUG_INFORMATION_FORMAT = "dwarf-with-dsym";
				ENABLE_NS_ASSERTIONS = NO;
				ENABLE_STRICT_OBJC_MSGSEND = YES;
				ENABLE_USER_SCRIPT_SANDBOXING = YES;
				GCC_C_LANGUAGE_STANDARD = gnu17;
				GCC_NO_COMMON_BLOCKS = YES;
				GCC_WARN_64_TO_32_BIT_CONVERSION = YES;
				GCC_WARN_ABOUT_RETURN_TYPE = YES_ERROR;
				GCC_WARN_UNDECLARED_SELECTOR = YES;
				GCC_WARN_UNINITIALIZED_AUTOS = YES_AGGRESSIVE;
				GCC_WARN_UNUSED_FUNCTION = YES;
				GCC_WARN_UNUSED_VARIABLE = YES;
				LOCALIZATION_PREFERS_STRING_CATALOGS = YES;
				MTL_ENABLE_DEBUG_INFO = NO;
				MTL_FAST_MATH = YES;
				SWIFT_COMPILATION_MODE = wholemodule;
			};
			name = Release;
		};
		0FDC9F822B73ADC0002EAE6B /* Debug */ = {
			isa = XCBuildConfiguration;
			buildSettings = {
				ASSETCATALOG_COMPILER_APPICON_NAME = AppIcon;
				ASSETCATALOG_COMPILER_GLOBAL_ACCENT_COLOR_NAME = AccentColor;
				CODE_SIGN_ENTITLEMENTS = WeatherApp/Configuration/Weather.entitlements;
				CODE_SIGN_STYLE = Automatic;
				CURRENT_PROJECT_VERSION = 1;
				DEVELOPMENT_ASSET_PATHS = "\"WeatherApp/Preview Content\"";
				DEVELOPMENT_TEAM = AGGG7W5JL7;
				ENABLE_HARDENED_RUNTIME = YES;
				ENABLE_PREVIEWS = YES;
				GENERATE_INFOPLIST_FILE = YES;
				"INFOPLIST_KEY_UIApplicationSceneManifest_Generation[sdk=iphoneos*]" = YES;
				"INFOPLIST_KEY_UIApplicationSceneManifest_Generation[sdk=iphonesimulator*]" = YES;
				"INFOPLIST_KEY_UIApplicationSupportsIndirectInputEvents[sdk=iphoneos*]" = YES;
				"INFOPLIST_KEY_UIApplicationSupportsIndirectInputEvents[sdk=iphonesimulator*]" = YES;
				"INFOPLIST_KEY_UILaunchScreen_Generation[sdk=iphoneos*]" = YES;
				"INFOPLIST_KEY_UILaunchScreen_Generation[sdk=iphonesimulator*]" = YES;
				"INFOPLIST_KEY_UIStatusBarStyle[sdk=iphoneos*]" = UIStatusBarStyleDefault;
				"INFOPLIST_KEY_UIStatusBarStyle[sdk=iphonesimulator*]" = UIStatusBarStyleDefault;
				INFOPLIST_KEY_UISupportedInterfaceOrientations_iPad = "UIInterfaceOrientationPortrait UIInterfaceOrientationPortraitUpsideDown UIInterfaceOrientationLandscapeLeft UIInterfaceOrientationLandscapeRight";
				INFOPLIST_KEY_UISupportedInterfaceOrientations_iPhone = "UIInterfaceOrientationPortrait UIInterfaceOrientationLandscapeLeft UIInterfaceOrientationLandscapeRight";
				IPHONEOS_DEPLOYMENT_TARGET = 15.0;
				LD_RUNPATH_SEARCH_PATHS = "@executable_path/Frameworks";
				"LD_RUNPATH_SEARCH_PATHS[sdk=macosx*]" = "@executable_path/../Frameworks";
				MACOSX_DEPLOYMENT_TARGET = 14.0;
				MARKETING_VERSION = 1.0;
				PRODUCT_BUNDLE_IDENTIFIER = com.gifgroen.Weather;
				PRODUCT_NAME = "$(TARGET_NAME)";
				SDKROOT = auto;
				SUPPORTED_PLATFORMS = "iphoneos iphonesimulator macosx";
				SWIFT_EMIT_LOC_STRINGS = YES;
				SWIFT_VERSION = 5.0;
				TARGETED_DEVICE_FAMILY = "1,2";
			};
			name = Debug;
		};
		0FDC9F832B73ADC0002EAE6B /* Release */ = {
			isa = XCBuildConfiguration;
			buildSettings = {
				ASSETCATALOG_COMPILER_APPICON_NAME = AppIcon;
				ASSETCATALOG_COMPILER_GLOBAL_ACCENT_COLOR_NAME = AccentColor;
				CODE_SIGN_ENTITLEMENTS = WeatherApp/Configuration/Weather.entitlements;
				CODE_SIGN_STYLE = Automatic;
				CURRENT_PROJECT_VERSION = 1;
				DEVELOPMENT_ASSET_PATHS = "\"WeatherApp/Preview Content\"";
				DEVELOPMENT_TEAM = AGGG7W5JL7;
				ENABLE_HARDENED_RUNTIME = YES;
				ENABLE_PREVIEWS = YES;
				GENERATE_INFOPLIST_FILE = YES;
				"INFOPLIST_KEY_UIApplicationSceneManifest_Generation[sdk=iphoneos*]" = YES;
				"INFOPLIST_KEY_UIApplicationSceneManifest_Generation[sdk=iphonesimulator*]" = YES;
				"INFOPLIST_KEY_UIApplicationSupportsIndirectInputEvents[sdk=iphoneos*]" = YES;
				"INFOPLIST_KEY_UIApplicationSupportsIndirectInputEvents[sdk=iphonesimulator*]" = YES;
				"INFOPLIST_KEY_UILaunchScreen_Generation[sdk=iphoneos*]" = YES;
				"INFOPLIST_KEY_UILaunchScreen_Generation[sdk=iphonesimulator*]" = YES;
				"INFOPLIST_KEY_UIStatusBarStyle[sdk=iphoneos*]" = UIStatusBarStyleDefault;
				"INFOPLIST_KEY_UIStatusBarStyle[sdk=iphonesimulator*]" = UIStatusBarStyleDefault;
				INFOPLIST_KEY_UISupportedInterfaceOrientations_iPad = "UIInterfaceOrientationPortrait UIInterfaceOrientationPortraitUpsideDown UIInterfaceOrientationLandscapeLeft UIInterfaceOrientationLandscapeRight";
				INFOPLIST_KEY_UISupportedInterfaceOrientations_iPhone = "UIInterfaceOrientationPortrait UIInterfaceOrientationLandscapeLeft UIInterfaceOrientationLandscapeRight";
				IPHONEOS_DEPLOYMENT_TARGET = 15.0;
				LD_RUNPATH_SEARCH_PATHS = "@executable_path/Frameworks";
				"LD_RUNPATH_SEARCH_PATHS[sdk=macosx*]" = "@executable_path/../Frameworks";
				MACOSX_DEPLOYMENT_TARGET = 14.0;
				MARKETING_VERSION = 1.0;
				PRODUCT_BUNDLE_IDENTIFIER = com.gifgroen.Weather;
				PRODUCT_NAME = "$(TARGET_NAME)";
				SDKROOT = auto;
				SUPPORTED_PLATFORMS = "iphoneos iphonesimulator macosx";
				SWIFT_EMIT_LOC_STRINGS = YES;
				SWIFT_VERSION = 5.0;
				TARGETED_DEVICE_FAMILY = "1,2";
			};
			name = Release;
		};
		0FDC9F852B73ADC0002EAE6B /* Debug */ = {
			isa = XCBuildConfiguration;
			buildSettings = {
				ALWAYS_EMBED_SWIFT_STANDARD_LIBRARIES = YES;
				BUNDLE_LOADER = "$(TEST_HOST)";
				CODE_SIGN_STYLE = Automatic;
				CURRENT_PROJECT_VERSION = 1;
				DEVELOPMENT_TEAM = AGGG7W5JL7;
				GENERATE_INFOPLIST_FILE = YES;
				IPHONEOS_DEPLOYMENT_TARGET = 15.0;
				MACOSX_DEPLOYMENT_TARGET = 14.0;
				MARKETING_VERSION = 1.0;
				PRODUCT_BUNDLE_IDENTIFIER = com.gifgroen.WeatherTests;
				PRODUCT_NAME = "$(TARGET_NAME)";
				SDKROOT = auto;
				SUPPORTED_PLATFORMS = "iphoneos iphonesimulator macosx";
				SWIFT_EMIT_LOC_STRINGS = NO;
				SWIFT_VERSION = 5.0;
				TARGETED_DEVICE_FAMILY = "1,2";
				TEST_HOST = "$(BUILT_PRODUCTS_DIR)/WeatherApp.app/$(BUNDLE_EXECUTABLE_FOLDER_PATH)/WeatherApp";
			};
			name = Debug;
		};
		0FDC9F862B73ADC0002EAE6B /* Release */ = {
			isa = XCBuildConfiguration;
			buildSettings = {
				ALWAYS_EMBED_SWIFT_STANDARD_LIBRARIES = YES;
				BUNDLE_LOADER = "$(TEST_HOST)";
				CODE_SIGN_STYLE = Automatic;
				CURRENT_PROJECT_VERSION = 1;
				DEVELOPMENT_TEAM = AGGG7W5JL7;
				GENERATE_INFOPLIST_FILE = YES;
				IPHONEOS_DEPLOYMENT_TARGET = 15.0;
				MACOSX_DEPLOYMENT_TARGET = 14.0;
				MARKETING_VERSION = 1.0;
				PRODUCT_BUNDLE_IDENTIFIER = com.gifgroen.WeatherTests;
				PRODUCT_NAME = "$(TARGET_NAME)";
				SDKROOT = auto;
				SUPPORTED_PLATFORMS = "iphoneos iphonesimulator macosx";
				SWIFT_EMIT_LOC_STRINGS = NO;
				SWIFT_VERSION = 5.0;
				TARGETED_DEVICE_FAMILY = "1,2";
				TEST_HOST = "$(BUILT_PRODUCTS_DIR)/WeatherApp.app/$(BUNDLE_EXECUTABLE_FOLDER_PATH)/WeatherApp";
			};
			name = Release;
		};
		0FDC9F882B73ADC0002EAE6B /* Debug */ = {
			isa = XCBuildConfiguration;
			buildSettings = {
				ALWAYS_EMBED_SWIFT_STANDARD_LIBRARIES = YES;
				CODE_SIGN_STYLE = Automatic;
				CURRENT_PROJECT_VERSION = 1;
				DEVELOPMENT_TEAM = AGGG7W5JL7;
				GENERATE_INFOPLIST_FILE = YES;
				IPHONEOS_DEPLOYMENT_TARGET = 15.0;
				MACOSX_DEPLOYMENT_TARGET = 14.0;
				MARKETING_VERSION = 1.0;
				PRODUCT_BUNDLE_IDENTIFIER = com.gifgroen.WeatherUITests;
				PRODUCT_NAME = "$(TARGET_NAME)";
				PROVISIONING_PROFILE = "";
				SDKROOT = auto;
				SUPPORTED_PLATFORMS = "iphoneos iphonesimulator macosx";
				SWIFT_EMIT_LOC_STRINGS = NO;
				SWIFT_VERSION = 5.0;
				TARGETED_DEVICE_FAMILY = "1,2";
				TEST_TARGET_NAME = WeatherApp;
			};
			name = Debug;
		};
		0FDC9F892B73ADC0002EAE6B /* Release */ = {
			isa = XCBuildConfiguration;
			buildSettings = {
				ALWAYS_EMBED_SWIFT_STANDARD_LIBRARIES = YES;
				CODE_SIGN_STYLE = Automatic;
				CURRENT_PROJECT_VERSION = 1;
				DEVELOPMENT_TEAM = AGGG7W5JL7;
				GENERATE_INFOPLIST_FILE = YES;
				IPHONEOS_DEPLOYMENT_TARGET = 15.0;
				MACOSX_DEPLOYMENT_TARGET = 14.0;
				MARKETING_VERSION = 1.0;
				PRODUCT_BUNDLE_IDENTIFIER = com.gifgroen.WeatherUITests;
				PRODUCT_NAME = "$(TARGET_NAME)";
				PROVISIONING_PROFILE = "";
				SDKROOT = auto;
				SUPPORTED_PLATFORMS = "iphoneos iphonesimulator macosx";
				SWIFT_EMIT_LOC_STRINGS = NO;
				SWIFT_VERSION = 5.0;
				TARGETED_DEVICE_FAMILY = "1,2";
				TEST_TARGET_NAME = WeatherApp;
			};
			name = Release;
		};
/* End XCBuildConfiguration section */

/* Begin XCConfigurationList section */
		0FDC9F572B73ADBE002EAE6B /* Build configuration list for PBXProject "WeatherApp" */ = {
			isa = XCConfigurationList;
			buildConfigurations = (
				0FDC9F7F2B73ADC0002EAE6B /* Debug */,
				0FDC9F802B73ADC0002EAE6B /* Release */,
			);
			defaultConfigurationIsVisible = 0;
			defaultConfigurationName = Release;
		};
		0FDC9F812B73ADC0002EAE6B /* Build configuration list for PBXNativeTarget "WeatherApp" */ = {
			isa = XCConfigurationList;
			buildConfigurations = (
				0FDC9F822B73ADC0002EAE6B /* Debug */,
				0FDC9F832B73ADC0002EAE6B /* Release */,
			);
			defaultConfigurationIsVisible = 0;
			defaultConfigurationName = Release;
		};
		0FDC9F842B73ADC0002EAE6B /* Build configuration list for PBXNativeTarget "WeatherAppTests" */ = {
			isa = XCConfigurationList;
			buildConfigurations = (
				0FDC9F852B73ADC0002EAE6B /* Debug */,
				0FDC9F862B73ADC0002EAE6B /* Release */,
			);
			defaultConfigurationIsVisible = 0;
			defaultConfigurationName = Release;
		};
		0FDC9F872B73ADC0002EAE6B /* Build configuration list for PBXNativeTarget "WeatherAppUITests" */ = {
			isa = XCConfigurationList;
			buildConfigurations = (
				0FDC9F882B73ADC0002EAE6B /* Debug */,
				0FDC9F892B73ADC0002EAE6B /* Release */,
			);
			defaultConfigurationIsVisible = 0;
			defaultConfigurationName = Release;
		};
/* End XCConfigurationList section */

/* Begin XCRemoteSwiftPackageReference section */
		0FF159462B73D21B008B6AE5 /* XCRemoteSwiftPackageReference "swift-composable-architecture" */ = {
			isa = XCRemoteSwiftPackageReference;
			repositoryURL = "https://github.com/pointfreeco/swift-composable-architecture";
			requirement = {
				kind = exactVersion;
				version = 1.7.3;
			};
		};
/* End XCRemoteSwiftPackageReference section */

/* Begin XCSwiftPackageProductDependency section */
		0FDC9F8F2B73AF40002EAE6B /* App */ = {
			isa = XCSwiftPackageProductDependency;
			productName = App;
		};
		0FF159472B73D21B008B6AE5 /* ComposableArchitecture */ = {
			isa = XCSwiftPackageProductDependency;
			package = 0FF159462B73D21B008B6AE5 /* XCRemoteSwiftPackageReference "swift-composable-architecture" */;
			productName = ComposableArchitecture;
		};
/* End XCSwiftPackageProductDependency section */
	};
	rootObject = 0FDC9F542B73ADBE002EAE6B /* Project object */;
}
